
Microsoft Visual Studio Solution File, Format Version 12.00
# Visual Studio 15
VisualStudioVersion = 15.0.26228.9
MinimumVisualStudioVersion = 10.0.40219.1
Project("{FAE04EC0-301F-11D3-BF4B-00C04F79EFBC}") = "SliderPuzzle.Android", "SliderPuzzle\SliderPuzzle.Android\SliderPuzzle.Android.csproj", "{6A2017E9-3D9B-4921-AFE8-1A9AD9EF5203}"
EndProject
Project("{FAE04EC0-301F-11D3-BF4B-00C04F79EFBC}") = "SliderPuzzle", "SliderPuzzle\SliderPuzzle\SliderPuzzle.csproj", "{32A7775E-EA17-455B-B904-397625701DDA}"
EndProject
Project("{FAE04EC0-301F-11D3-BF4B-00C04F79EFBC}") = "SliderPuzzle.UWP", "SliderPuzzle\SliderPuzzle.UWP\SliderPuzzle.UWP.csproj", "{CFA9738B-4699-4880-8293-D9B9C597F227}"
EndProject
Project("{FAE04EC0-301F-11D3-BF4B-00C04F79EFBC}") = "SliderPuzzle.iOS", "SliderPuzzle\SliderPuzzle.iOS\SliderPuzzle.iOS.csproj", "{A0B1E678-35E4-4112-BD29-E4792D48918E}"
EndProject
Global
	GlobalSection(SolutionConfigurationPlatforms) = preSolution
		Ad-Hoc|Any CPU = Ad-Hoc|Any CPU
		Ad-Hoc|ARM = Ad-Hoc|ARM
		Ad-Hoc|iPhone = Ad-Hoc|iPhone
		Ad-Hoc|iPhoneSimulator = Ad-Hoc|iPhoneSimulator
		Ad-Hoc|x64 = Ad-Hoc|x64
		Ad-Hoc|x86 = Ad-Hoc|x86
		AppStore|Any CPU = AppStore|Any CPU
		AppStore|ARM = AppStore|ARM
		AppStore|iPhone = AppStore|iPhone
		AppStore|iPhoneSimulator = AppStore|iPhoneSimulator
		AppStore|x64 = AppStore|x64
		AppStore|x86 = AppStore|x86
		Debug|Any CPU = Debug|Any CPU
		Debug|ARM = Debug|ARM
		Debug|iPhone = Debug|iPhone
		Debug|iPhoneSimulator = Debug|iPhoneSimulator
		Debug|x64 = Debug|x64
		Debug|x86 = Debug|x86
		Release|Any CPU = Release|Any CPU
		Release|ARM = Release|ARM
		Release|iPhone = Release|iPhone
		Release|iPhoneSimulator = Release|iPhoneSimulator
		Release|x64 = Release|x64
		Release|x86 = Release|x86
	EndGlobalSection
	GlobalSection(ProjectConfigurationPlatforms) = postSolution
		{6A2017E9-3D9B-4921-AFE8-1A9AD9EF5203}.Ad-Hoc|Any CPU.ActiveCfg = Release|Any CPU
		{6A2017E9-3D9B-4921-AFE8-1A9AD9EF5203}.Ad-Hoc|Any CPU.Build.0 = Release|Any CPU
		{6A2017E9-3D9B-4921-AFE8-1A9AD9EF5203}.Ad-Hoc|Any CPU.Deploy.0 = Release|Any CPU
		{6A2017E9-3D9B-4921-AFE8-1A9AD9EF5203}.Ad-Hoc|ARM.ActiveCfg = Release|Any CPU
		{6A2017E9-3D9B-4921-AFE8-1A9AD9EF5203}.Ad-Hoc|ARM.Build.0 = Release|Any CPU
		{6A2017E9-3D9B-4921-AFE8-1A9AD9EF5203}.Ad-Hoc|ARM.Deploy.0 = Release|Any CPU
		{6A2017E9-3D9B-4921-AFE8-1A9AD9EF5203}.Ad-Hoc|iPhone.ActiveCfg = Release|Any CPU
		{6A2017E9-3D9B-4921-AFE8-1A9AD9EF5203}.Ad-Hoc|iPhone.Build.0 = Release|Any CPU
		{6A2017E9-3D9B-4921-AFE8-1A9AD9EF5203}.Ad-Hoc|iPhone.Deploy.0 = Release|Any CPU
		{6A2017E9-3D9B-4921-AFE8-1A9AD9EF5203}.Ad-Hoc|iPhoneSimulator.ActiveCfg = Release|Any CPU
		{6A2017E9-3D9B-4921-AFE8-1A9AD9EF5203}.Ad-Hoc|iPhoneSimulator.Build.0 = Release|Any CPU
		{6A2017E9-3D9B-4921-AFE8-1A9AD9EF5203}.Ad-Hoc|iPhoneSimulator.Deploy.0 = Release|Any CPU
		{6A2017E9-3D9B-4921-AFE8-1A9AD9EF5203}.Ad-Hoc|x64.ActiveCfg = Release|Any CPU
		{6A2017E9-3D9B-4921-AFE8-1A9AD9EF5203}.Ad-Hoc|x64.Build.0 = Release|Any CPU
		{6A2017E9-3D9B-4921-AFE8-1A9AD9EF5203}.Ad-Hoc|x64.Deploy.0 = Release|Any CPU
		{6A2017E9-3D9B-4921-AFE8-1A9AD9EF5203}.Ad-Hoc|x86.ActiveCfg = Release|Any CPU
		{6A2017E9-3D9B-4921-AFE8-1A9AD9EF5203}.Ad-Hoc|x86.Build.0 = Release|Any CPU
		{6A2017E9-3D9B-4921-AFE8-1A9AD9EF5203}.Ad-Hoc|x86.Deploy.0 = Release|Any CPU
		{6A2017E9-3D9B-4921-AFE8-1A9AD9EF5203}.AppStore|Any CPU.ActiveCfg = Release|Any CPU
		{6A2017E9-3D9B-4921-AFE8-1A9AD9EF5203}.AppStore|Any CPU.Build.0 = Release|Any CPU
		{6A2017E9-3D9B-4921-AFE8-1A9AD9EF5203}.AppStore|Any CPU.Deploy.0 = Release|Any CPU
		{6A2017E9-3D9B-4921-AFE8-1A9AD9EF5203}.AppStore|ARM.ActiveCfg = Release|Any CPU
		{6A2017E9-3D9B-4921-AFE8-1A9AD9EF5203}.AppStore|ARM.Build.0 = Release|Any CPU
		{6A2017E9-3D9B-4921-AFE8-1A9AD9EF5203}.AppStore|ARM.Deploy.0 = Release|Any CPU
		{6A2017E9-3D9B-4921-AFE8-1A9AD9EF5203}.AppStore|iPhone.ActiveCfg = Release|Any CPU
		{6A2017E9-3D9B-4921-AFE8-1A9AD9EF5203}.AppStore|iPhone.Build.0 = Release|Any CPU
		{6A2017E9-3D9B-4921-AFE8-1A9AD9EF5203}.AppStore|iPhone.Deploy.0 = Release|Any CPU
		{6A2017E9-3D9B-4921-AFE8-1A9AD9EF5203}.AppStore|iPhoneSimulator.ActiveCfg = Release|Any CPU
		{6A2017E9-3D9B-4921-AFE8-1A9AD9EF5203}.AppStore|iPhoneSimulator.Build.0 = Release|Any CPU
		{6A2017E9-3D9B-4921-AFE8-1A9AD9EF5203}.AppStore|iPhoneSimulator.Deploy.0 = Release|Any CPU
		{6A2017E9-3D9B-4921-AFE8-1A9AD9EF5203}.AppStore|x64.ActiveCfg = Release|Any CPU
		{6A2017E9-3D9B-4921-AFE8-1A9AD9EF5203}.AppStore|x64.Build.0 = Release|Any CPU
		{6A2017E9-3D9B-4921-AFE8-1A9AD9EF5203}.AppStore|x64.Deploy.0 = Release|Any CPU
		{6A2017E9-3D9B-4921-AFE8-1A9AD9EF5203}.AppStore|x86.ActiveCfg = Release|Any CPU
		{6A2017E9-3D9B-4921-AFE8-1A9AD9EF5203}.AppStore|x86.Build.0 = Release|Any CPU
		{6A2017E9-3D9B-4921-AFE8-1A9AD9EF5203}.AppStore|x86.Deploy.0 = Release|Any CPU
		{6A2017E9-3D9B-4921-AFE8-1A9AD9EF5203}.Debug|Any CPU.ActiveCfg = Debug|Any CPU
		{6A2017E9-3D9B-4921-AFE8-1A9AD9EF5203}.Debug|Any CPU.Build.0 = Debug|Any CPU
		{6A2017E9-3D9B-4921-AFE8-1A9AD9EF5203}.Debug|Any CPU.Deploy.0 = Debug|Any CPU
		{6A2017E9-3D9B-4921-AFE8-1A9AD9EF5203}.Debug|ARM.ActiveCfg = Debug|Any CPU
		{6A2017E9-3D9B-4921-AFE8-1A9AD9EF5203}.Debug|ARM.Build.0 = Debug|Any CPU
		{6A2017E9-3D9B-4921-AFE8-1A9AD9EF5203}.Debug|ARM.Deploy.0 = Debug|Any CPU
		{6A2017E9-3D9B-4921-AFE8-1A9AD9EF5203}.Debug|iPhone.ActiveCfg = Debug|Any CPU
		{6A2017E9-3D9B-4921-AFE8-1A9AD9EF5203}.Debug|iPhone.Build.0 = Debug|Any CPU
		{6A2017E9-3D9B-4921-AFE8-1A9AD9EF5203}.Debug|iPhone.Deploy.0 = Debug|Any CPU
		{6A2017E9-3D9B-4921-AFE8-1A9AD9EF5203}.Debug|iPhoneSimulator.ActiveCfg = Debug|Any CPU
		{6A2017E9-3D9B-4921-AFE8-1A9AD9EF5203}.Debug|iPhoneSimulator.Build.0 = Debug|Any CPU
		{6A2017E9-3D9B-4921-AFE8-1A9AD9EF5203}.Debug|iPhoneSimulator.Deploy.0 = Debug|Any CPU
		{6A2017E9-3D9B-4921-AFE8-1A9AD9EF5203}.Debug|x64.ActiveCfg = Debug|Any CPU
		{6A2017E9-3D9B-4921-AFE8-1A9AD9EF5203}.Debug|x64.Build.0 = Debug|Any CPU
		{6A2017E9-3D9B-4921-AFE8-1A9AD9EF5203}.Debug|x64.Deploy.0 = Debug|Any CPU
		{6A2017E9-3D9B-4921-AFE8-1A9AD9EF5203}.Debug|x86.ActiveCfg = Debug|Any CPU
		{6A2017E9-3D9B-4921-AFE8-1A9AD9EF5203}.Debug|x86.Build.0 = Debug|Any CPU
		{6A2017E9-3D9B-4921-AFE8-1A9AD9EF5203}.Debug|x86.Deploy.0 = Debug|Any CPU
		{6A2017E9-3D9B-4921-AFE8-1A9AD9EF5203}.Release|Any CPU.ActiveCfg = Release|Any CPU
		{6A2017E9-3D9B-4921-AFE8-1A9AD9EF5203}.Release|Any CPU.Build.0 = Release|Any CPU
		{6A2017E9-3D9B-4921-AFE8-1A9AD9EF5203}.Release|Any CPU.Deploy.0 = Release|Any CPU
		{6A2017E9-3D9B-4921-AFE8-1A9AD9EF5203}.Release|ARM.ActiveCfg = Release|Any CPU
		{6A2017E9-3D9B-4921-AFE8-1A9AD9EF5203}.Release|ARM.Build.0 = Release|Any CPU
		{6A2017E9-3D9B-4921-AFE8-1A9AD9EF5203}.Release|ARM.Deploy.0 = Release|Any CPU
		{6A2017E9-3D9B-4921-AFE8-1A9AD9EF5203}.Release|iPhone.ActiveCfg = Release|Any CPU
		{6A2017E9-3D9B-4921-AFE8-1A9AD9EF5203}.Release|iPhone.Build.0 = Release|Any CPU
		{6A2017E9-3D9B-4921-AFE8-1A9AD9EF5203}.Release|iPhone.Deploy.0 = Release|Any CPU
		{6A2017E9-3D9B-4921-AFE8-1A9AD9EF5203}.Release|iPhoneSimulator.ActiveCfg = Release|Any CPU
		{6A2017E9-3D9B-4921-AFE8-1A9AD9EF5203}.Release|iPhoneSimulator.Build.0 = Release|Any CPU
		{6A2017E9-3D9B-4921-AFE8-1A9AD9EF5203}.Release|iPhoneSimulator.Deploy.0 = Release|Any CPU
		{6A2017E9-3D9B-4921-AFE8-1A9AD9EF5203}.Release|x64.ActiveCfg = Release|Any CPU
		{6A2017E9-3D9B-4921-AFE8-1A9AD9EF5203}.Release|x64.Build.0 = Release|Any CPU
		{6A2017E9-3D9B-4921-AFE8-1A9AD9EF5203}.Release|x64.Deploy.0 = Release|Any CPU
		{6A2017E9-3D9B-4921-AFE8-1A9AD9EF5203}.Release|x86.ActiveCfg = Release|Any CPU
		{6A2017E9-3D9B-4921-AFE8-1A9AD9EF5203}.Release|x86.Build.0 = Release|Any CPU
		{6A2017E9-3D9B-4921-AFE8-1A9AD9EF5203}.Release|x86.Deploy.0 = Release|Any CPU
		{32A7775E-EA17-455B-B904-397625701DDA}.Ad-Hoc|Any CPU.ActiveCfg = Release|Any CPU
		{32A7775E-EA17-455B-B904-397625701DDA}.Ad-Hoc|Any CPU.Build.0 = Release|Any CPU
		{32A7775E-EA17-455B-B904-397625701DDA}.Ad-Hoc|ARM.ActiveCfg = Release|Any CPU
		{32A7775E-EA17-455B-B904-397625701DDA}.Ad-Hoc|ARM.Build.0 = Release|Any CPU
		{32A7775E-EA17-455B-B904-397625701DDA}.Ad-Hoc|iPhone.ActiveCfg = Release|Any CPU
		{32A7775E-EA17-455B-B904-397625701DDA}.Ad-Hoc|iPhone.Build.0 = Release|Any CPU
		{32A7775E-EA17-455B-B904-397625701DDA}.Ad-Hoc|iPhoneSimulator.ActiveCfg = Release|Any CPU
		{32A7775E-EA17-455B-B904-397625701DDA}.Ad-Hoc|iPhoneSimulator.Build.0 = Release|Any CPU
		{32A7775E-EA17-455B-B904-397625701DDA}.Ad-Hoc|x64.ActiveCfg = Release|Any CPU
		{32A7775E-EA17-455B-B904-397625701DDA}.Ad-Hoc|x64.Build.0 = Release|Any CPU
		{32A7775E-EA17-455B-B904-397625701DDA}.Ad-Hoc|x86.ActiveCfg = Release|Any CPU
		{32A7775E-EA17-455B-B904-397625701DDA}.Ad-Hoc|x86.Build.0 = Release|Any CPU
		{32A7775E-EA17-455B-B904-397625701DDA}.AppStore|Any CPU.ActiveCfg = Release|Any CPU
		{32A7775E-EA17-455B-B904-397625701DDA}.AppStore|Any CPU.Build.0 = Release|Any CPU
		{32A7775E-EA17-455B-B904-397625701DDA}.AppStore|ARM.ActiveCfg = Release|Any CPU
		{32A7775E-EA17-455B-B904-397625701DDA}.AppStore|ARM.Build.0 = Release|Any CPU
		{32A7775E-EA17-455B-B904-397625701DDA}.AppStore|iPhone.ActiveCfg = Release|Any CPU
		{32A7775E-EA17-455B-B904-397625701DDA}.AppStore|iPhone.Build.0 = Release|Any CPU
		{32A7775E-EA17-455B-B904-397625701DDA}.AppStore|iPhoneSimulator.ActiveCfg = Release|Any CPU
		{32A7775E-EA17-455B-B904-397625701DDA}.AppStore|iPhoneSimulator.Build.0 = Release|Any CPU
		{32A7775E-EA17-455B-B904-397625701DDA}.AppStore|x64.ActiveCfg = Release|Any CPU
		{32A7775E-EA17-455B-B904-397625701DDA}.AppStore|x64.Build.0 = Release|Any CPU
		{32A7775E-EA17-455B-B904-397625701DDA}.AppStore|x86.ActiveCfg = Release|Any CPU
		{32A7775E-EA17-455B-B904-397625701DDA}.AppStore|x86.Build.0 = Release|Any CPU
		{32A7775E-EA17-455B-B904-397625701DDA}.Debug|Any CPU.ActiveCfg = Debug|Any CPU
		{32A7775E-EA17-455B-B904-397625701DDA}.Debug|Any CPU.Build.0 = Debug|Any CPU
		{32A7775E-EA17-455B-B904-397625701DDA}.Debug|ARM.ActiveCfg = Debug|Any CPU
		{32A7775E-EA17-455B-B904-397625701DDA}.Debug|ARM.Build.0 = Debug|Any CPU
		{32A7775E-EA17-455B-B904-397625701DDA}.Debug|iPhone.ActiveCfg = Debug|Any CPU
		{32A7775E-EA17-455B-B904-397625701DDA}.Debug|iPhone.Build.0 = Debug|Any CPU
		{32A7775E-EA17-455B-B904-397625701DDA}.Debug|iPhoneSimulator.ActiveCfg = Debug|Any CPU
		{32A7775E-EA17-455B-B904-397625701DDA}.Debug|iPhoneSimulator.Build.0 = Debug|Any CPU
		{32A7775E-EA17-455B-B904-397625701DDA}.Debug|x64.ActiveCfg = Debug|Any CPU
		{32A7775E-EA17-455B-B904-397625701DDA}.Debug|x64.Build.0 = Debug|Any CPU
		{32A7775E-EA17-455B-B904-397625701DDA}.Debug|x86.ActiveCfg = Debug|Any CPU
		{32A7775E-EA17-455B-B904-397625701DDA}.Debug|x86.Build.0 = Debug|Any CPU
		{32A7775E-EA17-455B-B904-397625701DDA}.Release|Any CPU.ActiveCfg = Release|Any CPU
		{32A7775E-EA17-455B-B904-397625701DDA}.Release|Any CPU.Build.0 = Release|Any CPU
		{32A7775E-EA17-455B-B904-397625701DDA}.Release|ARM.ActiveCfg = Release|Any CPU
		{32A7775E-EA17-455B-B904-397625701DDA}.Release|ARM.Build.0 = Release|Any CPU
		{32A7775E-EA17-455B-B904-397625701DDA}.Release|iPhone.ActiveCfg = Release|Any CPU
		{32A7775E-EA17-455B-B904-397625701DDA}.Release|iPhone.Build.0 = Release|Any CPU
		{32A7775E-EA17-455B-B904-397625701DDA}.Release|iPhoneSimulator.ActiveCfg = Release|Any CPU
		{32A7775E-EA17-455B-B904-397625701DDA}.Release|iPhoneSimulator.Build.0 = Release|Any CPU
		{32A7775E-EA17-455B-B904-397625701DDA}.Release|x64.ActiveCfg = Release|Any CPU
		{32A7775E-EA17-455B-B904-397625701DDA}.Release|x64.Build.0 = Release|Any CPU
		{32A7775E-EA17-455B-B904-397625701DDA}.Release|x86.ActiveCfg = Release|Any CPU
		{32A7775E-EA17-455B-B904-397625701DDA}.Release|x86.Build.0 = Release|Any CPU
		{CFA9738B-4699-4880-8293-D9B9C597F227}.Ad-Hoc|Any CPU.ActiveCfg = Release|x86
		{CFA9738B-4699-4880-8293-D9B9C597F227}.Ad-Hoc|Any CPU.Build.0 = Release|x86
		{CFA9738B-4699-4880-8293-D9B9C597F227}.Ad-Hoc|Any CPU.Deploy.0 = Release|x86
		{CFA9738B-4699-4880-8293-D9B9C597F227}.Ad-Hoc|ARM.ActiveCfg = Release|ARM
		{CFA9738B-4699-4880-8293-D9B9C597F227}.Ad-Hoc|ARM.Build.0 = Release|ARM
		{CFA9738B-4699-4880-8293-D9B9C597F227}.Ad-Hoc|ARM.Deploy.0 = Release|ARM
		{CFA9738B-4699-4880-8293-D9B9C597F227}.Ad-Hoc|iPhone.ActiveCfg = Release|x86
		{CFA9738B-4699-4880-8293-D9B9C597F227}.Ad-Hoc|iPhone.Build.0 = Release|x86
		{CFA9738B-4699-4880-8293-D9B9C597F227}.Ad-Hoc|iPhone.Deploy.0 = Release|x86
		{CFA9738B-4699-4880-8293-D9B9C597F227}.Ad-Hoc|iPhoneSimulator.ActiveCfg = Release|x86
		{CFA9738B-4699-4880-8293-D9B9C597F227}.Ad-Hoc|iPhoneSimulator.Build.0 = Release|x86
		{CFA9738B-4699-4880-8293-D9B9C597F227}.Ad-Hoc|iPhoneSimulator.Deploy.0 = Release|x86
		{CFA9738B-4699-4880-8293-D9B9C597F227}.Ad-Hoc|x64.ActiveCfg = Release|x64
		{CFA9738B-4699-4880-8293-D9B9C597F227}.Ad-Hoc|x64.Build.0 = Release|x64
		{CFA9738B-4699-4880-8293-D9B9C597F227}.Ad-Hoc|x64.Deploy.0 = Release|x64
		{CFA9738B-4699-4880-8293-D9B9C597F227}.Ad-Hoc|x86.ActiveCfg = Release|x86
		{CFA9738B-4699-4880-8293-D9B9C597F227}.Ad-Hoc|x86.Build.0 = Release|x86
		{CFA9738B-4699-4880-8293-D9B9C597F227}.Ad-Hoc|x86.Deploy.0 = Release|x86
		{CFA9738B-4699-4880-8293-D9B9C597F227}.AppStore|Any CPU.ActiveCfg = Release|x86
		{CFA9738B-4699-4880-8293-D9B9C597F227}.AppStore|Any CPU.Build.0 = Release|x86
		{CFA9738B-4699-4880-8293-D9B9C597F227}.AppStore|Any CPU.Deploy.0 = Release|x86
		{CFA9738B-4699-4880-8293-D9B9C597F227}.AppStore|ARM.ActiveCfg = Release|ARM
		{CFA9738B-4699-4880-8293-D9B9C597F227}.AppStore|ARM.Build.0 = Release|ARM
		{CFA9738B-4699-4880-8293-D9B9C597F227}.AppStore|ARM.Deploy.0 = Release|ARM
		{CFA9738B-4699-4880-8293-D9B9C597F227}.AppStore|iPhone.ActiveCfg = Release|x86
		{CFA9738B-4699-4880-8293-D9B9C597F227}.AppStore|iPhone.Build.0 = Release|x86
		{CFA9738B-4699-4880-8293-D9B9C597F227}.AppStore|iPhone.Deploy.0 = Release|x86
		{CFA9738B-4699-4880-8293-D9B9C597F227}.AppStore|iPhoneSimulator.ActiveCfg = Release|x86
		{CFA9738B-4699-4880-8293-D9B9C597F227}.AppStore|iPhoneSimulator.Build.0 = Release|x86
		{CFA9738B-4699-4880-8293-D9B9C597F227}.AppStore|iPhoneSimulator.Deploy.0 = Release|x86
		{CFA9738B-4699-4880-8293-D9B9C597F227}.AppStore|x64.ActiveCfg = Release|x64
		{CFA9738B-4699-4880-8293-D9B9C597F227}.AppStore|x64.Build.0 = Release|x64
		{CFA9738B-4699-4880-8293-D9B9C597F227}.AppStore|x64.Deploy.0 = Release|x64
		{CFA9738B-4699-4880-8293-D9B9C597F227}.AppStore|x86.ActiveCfg = Release|x86
		{CFA9738B-4699-4880-8293-D9B9C597F227}.AppStore|x86.Build.0 = Release|x86
		{CFA9738B-4699-4880-8293-D9B9C597F227}.AppStore|x86.Deploy.0 = Release|x86
		{CFA9738B-4699-4880-8293-D9B9C597F227}.Debug|Any CPU.ActiveCfg = Debug|x86
		{CFA9738B-4699-4880-8293-D9B9C597F227}.Debug|ARM.ActiveCfg = Debug|ARM
		{CFA9738B-4699-4880-8293-D9B9C597F227}.Debug|ARM.Build.0 = Debug|ARM
		{CFA9738B-4699-4880-8293-D9B9C597F227}.Debug|ARM.Deploy.0 = Debug|ARM
		{CFA9738B-4699-4880-8293-D9B9C597F227}.Debug|iPhone.ActiveCfg = Debug|x86
		{CFA9738B-4699-4880-8293-D9B9C597F227}.Debug|iPhoneSimulator.ActiveCfg = Debug|x86
		{CFA9738B-4699-4880-8293-D9B9C597F227}.Debug|x64.ActiveCfg = Debug|x64
		{CFA9738B-4699-4880-8293-D9B9C597F227}.Debug|x64.Build.0 = Debug|x64
		{CFA9738B-4699-4880-8293-D9B9C597F227}.Debug|x64.Deploy.0 = Debug|x64
		{CFA9738B-4699-4880-8293-D9B9C597F227}.Debug|x86.ActiveCfg = Debug|x86
		{CFA9738B-4699-4880-8293-D9B9C597F227}.Debug|x86.Build.0 = Debug|x86
		{CFA9738B-4699-4880-8293-D9B9C597F227}.Debug|x86.Deploy.0 = Debug|x86
		{CFA9738B-4699-4880-8293-D9B9C597F227}.Release|Any CPU.ActiveCfg = Release|x86
		{CFA9738B-4699-4880-8293-D9B9C597F227}.Release|ARM.ActiveCfg = Release|ARM
		{CFA9738B-4699-4880-8293-D9B9C597F227}.Release|ARM.Build.0 = Release|ARM
		{CFA9738B-4699-4880-8293-D9B9C597F227}.Release|ARM.Deploy.0 = Release|ARM
		{CFA9738B-4699-4880-8293-D9B9C597F227}.Release|iPhone.ActiveCfg = Release|x86
		{CFA9738B-4699-4880-8293-D9B9C597F227}.Release|iPhoneSimulator.ActiveCfg = Release|x86
		{CFA9738B-4699-4880-8293-D9B9C597F227}.Release|x64.ActiveCfg = Release|x64
		{CFA9738B-4699-4880-8293-D9B9C597F227}.Release|x64.Build.0 = Release|x64
		{CFA9738B-4699-4880-8293-D9B9C597F227}.Release|x64.Deploy.0 = Release|x64
		{CFA9738B-4699-4880-8293-D9B9C597F227}.Release|x86.ActiveCfg = Release|x86
		{CFA9738B-4699-4880-8293-D9B9C597F227}.Release|x86.Build.0 = Release|x86
		{CFA9738B-4699-4880-8293-D9B9C597F227}.Release|x86.Deploy.0 = Release|x86
		{A0B1E678-35E4-4112-BD29-E4792D48918E}.Ad-Hoc|Any CPU.ActiveCfg = Ad-Hoc|iPhone
		{A0B1E678-35E4-4112-BD29-E4792D48918E}.Ad-Hoc|ARM.ActiveCfg = Ad-Hoc|iPhone
		{A0B1E678-35E4-4112-BD29-E4792D48918E}.Ad-Hoc|iPhone.ActiveCfg = Ad-Hoc|iPhone
		{A0B1E678-35E4-4112-BD29-E4792D48918E}.Ad-Hoc|iPhone.Build.0 = Ad-Hoc|iPhone
		{A0B1E678-35E4-4112-BD29-E4792D48918E}.Ad-Hoc|iPhoneSimulator.ActiveCfg = Ad-Hoc|iPhoneSimulator
		{A0B1E678-35E4-4112-BD29-E4792D48918E}.Ad-Hoc|iPhoneSimulator.Build.0 = Ad-Hoc|iPhoneSimulator
		{A0B1E678-35E4-4112-BD29-E4792D48918E}.Ad-Hoc|x64.ActiveCfg = Ad-Hoc|iPhone
		{A0B1E678-35E4-4112-BD29-E4792D48918E}.Ad-Hoc|x86.ActiveCfg = Ad-Hoc|iPhone
		{A0B1E678-35E4-4112-BD29-E4792D48918E}.AppStore|Any CPU.ActiveCfg = AppStore|iPhone
		{A0B1E678-35E4-4112-BD29-E4792D48918E}.AppStore|ARM.ActiveCfg = AppStore|iPhone
		{A0B1E678-35E4-4112-BD29-E4792D48918E}.AppStore|iPhone.ActiveCfg = AppStore|iPhone
		{A0B1E678-35E4-4112-BD29-E4792D48918E}.AppStore|iPhone.Build.0 = AppStore|iPhone
		{A0B1E678-35E4-4112-BD29-E4792D48918E}.AppStore|iPhoneSimulator.ActiveCfg = AppStore|iPhoneSimulator
		{A0B1E678-35E4-4112-BD29-E4792D48918E}.AppStore|iPhoneSimulator.Build.0 = AppStore|iPhoneSimulator
		{A0B1E678-35E4-4112-BD29-E4792D48918E}.AppStore|x64.ActiveCfg = AppStore|iPhone
		{A0B1E678-35E4-4112-BD29-E4792D48918E}.AppStore|x86.ActiveCfg = AppStore|iPhone
		{A0B1E678-35E4-4112-BD29-E4792D48918E}.Debug|Any CPU.ActiveCfg = Debug|iPhone
		{A0B1E678-35E4-4112-BD29-E4792D48918E}.Debug|ARM.ActiveCfg = Debug|iPhone
		{A0B1E678-35E4-4112-BD29-E4792D48918E}.Debug|iPhone.ActiveCfg = Debug|iPhone
		{A0B1E678-35E4-4112-BD29-E4792D48918E}.Debug|iPhone.Build.0 = Debug|iPhone
		{A0B1E678-35E4-4112-BD29-E4792D48918E}.Debug|iPhoneSimulator.ActiveCfg = Debug|iPhoneSimulator
		{A0B1E678-35E4-4112-BD29-E4792D48918E}.Debug|iPhoneSimulator.Build.0 = Debug|iPhoneSimulator
		{A0B1E678-35E4-4112-BD29-E4792D48918E}.Debug|x64.ActiveCfg = Debug|iPhone
		{A0B1E678-35E4-4112-BD29-E4792D48918E}.Debug|x86.ActiveCfg = Debug|iPhone
		{A0B1E678-35E4-4112-BD29-E4792D48918E}.Release|Any CPU.ActiveCfg = Release|iPhone
		{A0B1E678-35E4-4112-BD29-E4792D48918E}.Release|ARM.ActiveCfg = Release|iPhone
		{A0B1E678-35E4-4112-BD29-E4792D48918E}.Release|iPhone.ActiveCfg = Release|iPhone
		{A0B1E678-35E4-4112-BD29-E4792D48918E}.Release|iPhone.Build.0 = Release|iPhone
		{A0B1E678-35E4-4112-BD29-E4792D48918E}.Release|iPhoneSimulator.ActiveCfg = Release|iPhoneSimulator
		{A0B1E678-35E4-4112-BD29-E4792D48918E}.Release|iPhoneSimulator.Build.0 = Release|iPhoneSimulator
		{A0B1E678-35E4-4112-BD29-E4792D48918E}.Release|x64.ActiveCfg = Release|iPhone
		{A0B1E678-35E4-4112-BD29-E4792D48918E}.Release|x86.ActiveCfg = Release|iPhone
	EndGlobalSection
	GlobalSection(SolutionProperties) = preSolution
		HideSolutionNode = FALSE
	EndGlobalSection
EndGlobal
